
Microsoft Visual Studio Solution File, Format Version 12.00
# Visual Studio 2013
VisualStudioVersion = 12.0.30110.0
MinimumVisualStudioVersion = 10.0.40219.1
Project("{FAE04EC0-301F-11D3-BF4B-00C04F79EFBC}") = "PushClientService", "PushClientService\PushClientService.csproj", "{6E5D0D71-19D3-477F-8EBF-49C01C5876B4}"
EndProject
Project("{2150E333-8FDC-42A3-9474-1A3956D46DE8}") = ".nuget", ".nuget", "{B237121D-61A4-4D3D-9B10-7A7E12FEABB3}"
	ProjectSection(SolutionItems) = preProject
		.nuget\NuGet.Config = .nuget\NuGet.Config
		.nuget\NuGet.exe = .nuget\NuGet.exe
	EndProjectSection
EndProject
Global
	GlobalSection(SolutionConfigurationPlatforms) = preSolution
		Debug|Any CPU = Debug|Any CPU
		Release|Any CPU = Release|Any CPU
	EndGlobalSection
	GlobalSection(ProjectConfigurationPlatforms) = postSolution
		{6E5D0D71-19D3-477F-8EBF-49C01C5876B4}.Debug|Any CPU.ActiveCfg = Debug|Any CPU
		{6E5D0D71-19D3-477F-8EBF-49C01C5876B4}.Debug|Any CPU.Build.0 = Debug|Any CPU
		{6E5D0D71-19D3-477F-8EBF-49C01C5876B4}.Release|Any CPU.ActiveCfg = Release|Any CPU
		{6E5D0D71-19D3-477F-8EBF-49C01C5876B4}.Release|Any CPU.Build.0 = Release|Any CPU
	EndGlobalSection
	GlobalSection(SolutionProperties) = preSolution
		HideSolutionNode = FALSE
	EndGlobalSection
EndGlobal
